
Microsoft Visual Studio Solution File, Format Version 12.00
# Visual Studio Version 17
VisualStudioVersion = 17.14.37111.16
MinimumVisualStudioVersion = 10.0.40219.1
Project("{FAE04EC0-301F-11D3-BF4B-00C04F79EFBC}") = "OrdersApi", "OrdersApi.csproj", "{D59F4460-BCFF-4985-8920-BE1246353F57}"
EndProject
Project("{FAE04EC0-301F-11D3-BF4B-00C04F79EFBC}") = "OrdersApi.Tests", "..\OrdersApi.Tests\OrdersApi.Tests.csproj", "{36D84E81-BE3F-46EC-96FB-1B726427DE28}"
EndProject
Global
	GlobalSection(SolutionConfigurationPlatforms) = preSolution
		Debug|Any CPU = Debug|Any CPU
		Debug|x64 = Debug|x64
		Debug|x86 = Debug|x86
		Release|Any CPU = Release|Any CPU
		Release|x64 = Release|x64
		Release|x86 = Release|x86
	EndGlobalSection
	GlobalSection(ProjectConfigurationPlatforms) = postSolution
		{D59F4460-BCFF-4985-8920-BE1246353F57}.Debug|Any CPU.ActiveCfg = Debug|Any CPU
		{D59F4460-BCFF-4985-8920-BE1246353F57}.Debug|Any CPU.Build.0 = Debug|Any CPU
		{D59F4460-BCFF-4985-8920-BE1246353F57}.Debug|x64.ActiveCfg = Debug|Any CPU
		{D59F4460-BCFF-4985-8920-BE1246353F57}.Debug|x64.Build.0 = Debug|Any CPU
		{D59F4460-BCFF-4985-8920-BE1246353F57}.Debug|x86.ActiveCfg = Debug|Any CPU
		{D59F4460-BCFF-4985-8920-BE1246353F57}.Debug|x86.Build.0 = Debug|Any CPU
		{D59F4460-BCFF-4985-8920-BE1246353F57}.Release|Any CPU.ActiveCfg = Release|Any CPU
		{D59F4460-BCFF-4985-8920-BE1246353F57}.Release|Any CPU.Build.0 = Release|Any CPU
		{D59F4460-BCFF-4985-8920-BE1246353F57}.Release|x64.ActiveCfg = Release|Any CPU
		{D59F4460-BCFF-4985-8920-BE1246353F57}.Release|x64.Build.0 = Release|Any CPU
		{D59F4460-BCFF-4985-8920-BE1246353F57}.Release|x86.ActiveCfg = Release|Any CPU
		{D59F4460-BCFF-4985-8920-BE1246353F57}.Release|x86.Build.0 = Release|Any CPU
		{36D84E81-BE3F-46EC-96FB-1B726427DE28}.Debug|Any CPU.ActiveCfg = Debug|Any CPU
		{36D84E81-BE3F-46EC-96FB-1B726427DE28}.Debug|Any CPU.Build.0 = Debug|Any CPU
		{36D84E81-BE3F-46EC-96FB-1B726427DE28}.Debug|x64.ActiveCfg = Debug|Any CPU
		{36D84E81-BE3F-46EC-96FB-1B726427DE28}.Debug|x64.Build.0 = Debug|Any CPU
		{36D84E81-BE3F-46EC-96FB-1B726427DE28}.Debug|x86.ActiveCfg = Debug|Any CPU
		{36D84E81-BE3F-46EC-96FB-1B726427DE28}.Debug|x86.Build.0 = Debug|Any CPU
		{36D84E81-BE3F-46EC-96FB-1B726427DE28}.Release|Any CPU.ActiveCfg = Release|Any CPU
		{36D84E81-BE3F-46EC-96FB-1B726427DE28}.Release|Any CPU.Build.0 = Release|Any CPU
		{36D84E81-BE3F-46EC-96FB-1B726427DE28}.Release|x64.ActiveCfg = Release|Any CPU
		{36D84E81-BE3F-46EC-96FB-1B726427DE28}.Release|x64.Build.0 = Release|Any CPU
		{36D84E81-BE3F-46EC-96FB-1B726427DE28}.Release|x86.ActiveCfg = Release|Any CPU
		{36D84E81-BE3F-46EC-96FB-1B726427DE28}.Release|x86.Build.0 = Release|Any CPU
	EndGlobalSection
	GlobalSection(SolutionProperties) = preSolution
		HideSolutionNode = FALSE
	EndGlobalSection
	GlobalSection(ExtensibilityGlobals) = postSolution
		SolutionGuid = {F51251C5-BEB5-4610-88BF-D5C60E3096BD}
	EndGlobalSection
EndGlobal
